
Microsoft Visual Studio Solution File, Format Version 12.00
# Visual Studio Version 17
VisualStudioVersion = 17.7.34018.315
MinimumVisualStudioVersion = 10.0.40219.1
Project("{9A19103F-16F7-4668-BE54-9A1E7A4F7556}") = "List", "List\List.csproj", "{D9832785-4DDE-4F84-975E-F31BE2BEE1C4}"
EndProject
Project("{FAE04EC0-301F-11D3-BF4B-00C04F79EFBC}") = "ExercicioList", "ExercicioList\ExercicioList.csproj", "{8569A579-7D5F-40B2-B260-D559EE87754A}"
EndProject
Global
	GlobalSection(SolutionConfigurationPlatforms) = preSolution
		Debug|Any CPU = Debug|Any CPU
		Release|Any CPU = Release|Any CPU
	EndGlobalSection
	GlobalSection(ProjectConfigurationPlatforms) = postSolution
		{D9832785-4DDE-4F84-975E-F31BE2BEE1C4}.Debug|Any CPU.ActiveCfg = Debug|Any CPU
		{D9832785-4DDE-4F84-975E-F31BE2BEE1C4}.Debug|Any CPU.Build.0 = Debug|Any CPU
		{D9832785-4DDE-4F84-975E-F31BE2BEE1C4}.Release|Any CPU.ActiveCfg = Release|Any CPU
		{D9832785-4DDE-4F84-975E-F31BE2BEE1C4}.Release|Any CPU.Build.0 = Release|Any CPU
		{8569A579-7D5F-40B2-B260-D559EE87754A}.Debug|Any CPU.ActiveCfg = Debug|Any CPU
		{8569A579-7D5F-40B2-B260-D559EE87754A}.Debug|Any CPU.Build.0 = Debug|Any CPU
		{8569A579-7D5F-40B2-B260-D559EE87754A}.Release|Any CPU.ActiveCfg = Release|Any CPU
		{8569A579-7D5F-40B2-B260-D559EE87754A}.Release|Any CPU.Build.0 = Release|Any CPU
	EndGlobalSection
	GlobalSection(SolutionProperties) = preSolution
		HideSolutionNode = FALSE
	EndGlobalSection
	GlobalSection(ExtensibilityGlobals) = postSolution
		SolutionGuid = {11DEEE5C-EBCA-49FA-B254-0CA30ECB9823}
	EndGlobalSection
EndGlobal
