
Microsoft Visual Studio Solution File, Format Version 12.00
# Visual Studio Version 17
VisualStudioVersion = 17.7.34018.315
MinimumVisualStudioVersion = 10.0.40219.1
Project("{FAE04EC0-301F-11D3-BF4B-00C04F79EFBC}") = "OperadoresAtribuicao", "OperadoresAtribuicao\OperadoresAtribuicao.csproj", "{CF225C1A-5911-4545-ADE2-A8580A6710E9}"
EndProject
Global
	GlobalSection(SolutionConfigurationPlatforms) = preSolution
		Debug|Any CPU = Debug|Any CPU
		Release|Any CPU = Release|Any CPU
	EndGlobalSection
	GlobalSection(ProjectConfigurationPlatforms) = postSolution
		{CF225C1A-5911-4545-ADE2-A8580A6710E9}.Debug|Any CPU.ActiveCfg = Debug|Any CPU
		{CF225C1A-5911-4545-ADE2-A8580A6710E9}.Debug|Any CPU.Build.0 = Debug|Any CPU
		{CF225C1A-5911-4545-ADE2-A8580A6710E9}.Release|Any CPU.ActiveCfg = Release|Any CPU
		{CF225C1A-5911-4545-ADE2-A8580A6710E9}.Release|Any CPU.Build.0 = Release|Any CPU
	EndGlobalSection
	GlobalSection(SolutionProperties) = preSolution
		HideSolutionNode = FALSE
	EndGlobalSection
	GlobalSection(ExtensibilityGlobals) = postSolution
		SolutionGuid = {AAB80AE2-0731-4124-82DF-02C543F06DEC}
	EndGlobalSection
EndGlobal
