
Microsoft Visual Studio Solution File, Format Version 12.00
# Visual Studio Version 17
VisualStudioVersion = 17.7.34018.315
MinimumVisualStudioVersion = 10.0.40219.1
Project("{FAE04EC0-301F-11D3-BF4B-00C04F79EFBC}") = "PrimeiroProjeto", "PrimeiroProjeto\PrimeiroProjeto.csproj", "{3B658283-0CDB-405D-83AC-59449B2EAADF}"
EndProject
Global
	GlobalSection(SolutionConfigurationPlatforms) = preSolution
		Debug|Any CPU = Debug|Any CPU
		Release|Any CPU = Release|Any CPU
	EndGlobalSection
	GlobalSection(ProjectConfigurationPlatforms) = postSolution
		{3B658283-0CDB-405D-83AC-59449B2EAADF}.Debug|Any CPU.ActiveCfg = Debug|Any CPU
		{3B658283-0CDB-405D-83AC-59449B2EAADF}.Debug|Any CPU.Build.0 = Debug|Any CPU
		{3B658283-0CDB-405D-83AC-59449B2EAADF}.Release|Any CPU.ActiveCfg = Release|Any CPU
		{3B658283-0CDB-405D-83AC-59449B2EAADF}.Release|Any CPU.Build.0 = Release|Any CPU
	EndGlobalSection
	GlobalSection(SolutionProperties) = preSolution
		HideSolutionNode = FALSE
	EndGlobalSection
	GlobalSection(ExtensibilityGlobals) = postSolution
		SolutionGuid = {CD8CC506-6A19-4DD8-BCA1-8ABBD59D658C}
	EndGlobalSection
EndGlobal
